// !$*UTF8*$!
{
	archiveVersion = 1;
	classes = {
	};
	objectVersion = 56;
	objects = {

/* Begin PBXBuildFile section */
		C61FFCEA2B62AECE0024E893 /* AppDelegate.swift in Sources */ = {isa = PBXBuildFile; fileRef = C61FFCE92B62AECE0024E893 /* AppDelegate.swift */; };
		C61FFCEC2B62AECE0024E893 /* SceneDelegate.swift in Sources */ = {isa = PBXBuildFile; fileRef = C61FFCEB2B62AECE0024E893 /* SceneDelegate.swift */; };
		C61FFCEE2B62AECE0024E893 /* ViewController.swift in Sources */ = {isa = PBXBuildFile; fileRef = C61FFCED2B62AECE0024E893 /* ViewController.swift */; };
		C61FFCF12B62AECE0024E893 /* Main.storyboard in Resources */ = {isa = PBXBuildFile; fileRef = C61FFCEF2B62AECE0024E893 /* Main.storyboard */; };
		C61FFCF32B62AED00024E893 /* Assets.xcassets in Resources */ = {isa = PBXBuildFile; fileRef = C61FFCF22B62AED00024E893 /* Assets.xcassets */; };
		C61FFCF62B62AED00024E893 /* LaunchScreen.storyboard in Resources */ = {isa = PBXBuildFile; fileRef = C61FFCF42B62AED00024E893 /* LaunchScreen.storyboard */; };
		C61FFD012B62B0590024E893 /* AnimationHelper.swift in Sources */ = {isa = PBXBuildFile; fileRef = C61FFD002B62B0590024E893 /* AnimationHelper.swift */; };
		C61FFD032B62B0680024E893 /* rocket.json in Resources */ = {isa = PBXBuildFile; fileRef = C61FFD022B62B0680024E893 /* rocket.json */; };
		C61FFD072B62B0FD0024E893 /* Lottie in Frameworks */ = {isa = PBXBuildFile; productRef = C61FFD062B62B0FD0024E893 /* Lottie */; };
		C61FFD0A2B62B11B0024E893 /* Kingfisher in Frameworks */ = {isa = PBXBuildFile; productRef = C61FFD092B62B11B0024E893 /* Kingfisher */; };
		C61FFD0D2B62B12C0024E893 /* Alamofire in Frameworks */ = {isa = PBXBuildFile; productRef = C61FFD0C2B62B12C0024E893 /* Alamofire */; };
		C648BD9F2B67E32400E1569E /* RoverPhotoCell.swift in Sources */ = {isa = PBXBuildFile; fileRef = C648BD9E2B67E32400E1569E /* RoverPhotoCell.swift */; };
		C648BDA12B67E4D600E1569E /* RoverPhotoCellFlowLayout.swift in Sources */ = {isa = PBXBuildFile; fileRef = C648BDA02B67E4D600E1569E /* RoverPhotoCellFlowLayout.swift */; };
		C648BDA32B67E5CB00E1569E /* Routes.swift in Sources */ = {isa = PBXBuildFile; fileRef = C648BDA22B67E5CB00E1569E /* Routes.swift */; };
		C648BDA62B67E7FC00E1569E /* PhotoService.swift in Sources */ = {isa = PBXBuildFile; fileRef = C648BDA52B67E7FC00E1569E /* PhotoService.swift */; };
		C648BDA92B67E89400E1569E /* RestClient.swift in Sources */ = {isa = PBXBuildFile; fileRef = C648BDA82B67E89400E1569E /* RestClient.swift */; };
		C648BDB02B67ED7300E1569E /* PhotoDataHandler.swift in Sources */ = {isa = PBXBuildFile; fileRef = C648BDAF2B67ED7300E1569E /* PhotoDataHandler.swift */; };
		C648BDB22B67EDB800E1569E /* PhotoDetailViewContoller.swift in Sources */ = {isa = PBXBuildFile; fileRef = C648BDB12B67EDB800E1569E /* PhotoDetailViewContoller.swift */; };
		C69A78F62B640A67002DB95C /* PhotoModel.swift in Sources */ = {isa = PBXBuildFile; fileRef = C69A78F52B640A67002DB95C /* PhotoModel.swift */; };
		C69A78F92B656340002DB95C /* PhotoViewController.swift in Sources */ = {isa = PBXBuildFile; fileRef = C69A78F82B656340002DB95C /* PhotoViewController.swift */; };
		C69A78FB2B656364002DB95C /* TabbarViewController.swift in Sources */ = {isa = PBXBuildFile; fileRef = C69A78FA2B656364002DB95C /* TabbarViewController.swift */; };
/* End PBXBuildFile section */

/* Begin PBXFileReference section */
		C61FFCE62B62AECE0024E893 /* Nasassia.app */ = {isa = PBXFileReference; explicitFileType = wrapper.application; includeInIndex = 0; path = Nasassia.app; sourceTree = BUILT_PRODUCTS_DIR; };
		C61FFCE92B62AECE0024E893 /* AppDelegate.swift */ = {isa = PBXFileReference; lastKnownFileType = sourcecode.swift; path = AppDelegate.swift; sourceTree = "<group>"; };
		C61FFCEB2B62AECE0024E893 /* SceneDelegate.swift */ = {isa = PBXFileReference; lastKnownFileType = sourcecode.swift; path = SceneDelegate.swift; sourceTree = "<group>"; };
		C61FFCED2B62AECE0024E893 /* ViewController.swift */ = {isa = PBXFileReference; lastKnownFileType = sourcecode.swift; path = ViewController.swift; sourceTree = "<group>"; };
		C61FFCF02B62AECE0024E893 /* Base */ = {isa = PBXFileReference; lastKnownFileType = file.storyboard; name = Base; path = Base.lproj/Main.storyboard; sourceTree = "<group>"; };
		C61FFCF22B62AED00024E893 /* Assets.xcassets */ = {isa = PBXFileReference; lastKnownFileType = folder.assetcatalog; path = Assets.xcassets; sourceTree = "<group>"; };
		C61FFCF52B62AED00024E893 /* Base */ = {isa = PBXFileReference; lastKnownFileType = file.storyboard; name = Base; path = Base.lproj/LaunchScreen.storyboard; sourceTree = "<group>"; };
		C61FFCF72B62AED00024E893 /* Info.plist */ = {isa = PBXFileReference; lastKnownFileType = text.plist.xml; path = Info.plist; sourceTree = "<group>"; };
		C61FFD002B62B0590024E893 /* AnimationHelper.swift */ = {isa = PBXFileReference; lastKnownFileType = sourcecode.swift; path = AnimationHelper.swift; sourceTree = "<group>"; };
		C61FFD022B62B0680024E893 /* rocket.json */ = {isa = PBXFileReference; fileEncoding = 4; lastKnownFileType = text.json; path = rocket.json; sourceTree = "<group>"; };
		C648BD9E2B67E32400E1569E /* RoverPhotoCell.swift */ = {isa = PBXFileReference; lastKnownFileType = sourcecode.swift; path = RoverPhotoCell.swift; sourceTree = "<group>"; };
		C648BDA02B67E4D600E1569E /* RoverPhotoCellFlowLayout.swift */ = {isa = PBXFileReference; lastKnownFileType = sourcecode.swift; path = RoverPhotoCellFlowLayout.swift; sourceTree = "<group>"; };
		C648BDA22B67E5CB00E1569E /* Routes.swift */ = {isa = PBXFileReference; lastKnownFileType = sourcecode.swift; path = Routes.swift; sourceTree = "<group>"; };
		C648BDA52B67E7FC00E1569E /* PhotoService.swift */ = {isa = PBXFileReference; lastKnownFileType = sourcecode.swift; path = PhotoService.swift; sourceTree = "<group>"; };
		C648BDA82B67E89400E1569E /* RestClient.swift */ = {isa = PBXFileReference; lastKnownFileType = sourcecode.swift; path = RestClient.swift; sourceTree = "<group>"; };
		C648BDAF2B67ED7300E1569E /* PhotoDataHandler.swift */ = {isa = PBXFileReference; lastKnownFileType = sourcecode.swift; path = PhotoDataHandler.swift; sourceTree = "<group>"; };
		C648BDB12B67EDB800E1569E /* PhotoDetailViewContoller.swift */ = {isa = PBXFileReference; lastKnownFileType = sourcecode.swift; path = PhotoDetailViewContoller.swift; sourceTree = "<group>"; };
		C69A78F52B640A67002DB95C /* PhotoModel.swift */ = {isa = PBXFileReference; lastKnownFileType = sourcecode.swift; path = PhotoModel.swift; sourceTree = "<group>"; };
		C69A78F82B656340002DB95C /* PhotoViewController.swift */ = {isa = PBXFileReference; lastKnownFileType = sourcecode.swift; path = PhotoViewController.swift; sourceTree = "<group>"; };
		C69A78FA2B656364002DB95C /* TabbarViewController.swift */ = {isa = PBXFileReference; lastKnownFileType = sourcecode.swift; path = TabbarViewController.swift; sourceTree = "<group>"; };
/* End PBXFileReference section */

/* Begin PBXFrameworksBuildPhase section */
		C61FFCE32B62AECE0024E893 /* Frameworks */ = {
			isa = PBXFrameworksBuildPhase;
			buildActionMask = 2147483647;
			files = (
				C61FFD0D2B62B12C0024E893 /* Alamofire in Frameworks */,
				C61FFD0A2B62B11B0024E893 /* Kingfisher in Frameworks */,
				C61FFD072B62B0FD0024E893 /* Lottie in Frameworks */,
			);
			runOnlyForDeploymentPostprocessing = 0;
		};
/* End PBXFrameworksBuildPhase section */

/* Begin PBXGroup section */
		C61FFCDD2B62AECE0024E893 = {
			isa = PBXGroup;
			children = (
				C61FFCE82B62AECE0024E893 /* Nasassia */,
				C61FFCE72B62AECE0024E893 /* Products */,
			);
			sourceTree = "<group>";
		};
		C61FFCE72B62AECE0024E893 /* Products */ = {
			isa = PBXGroup;
			children = (
				C61FFCE62B62AECE0024E893 /* Nasassia.app */,
			);
			name = Products;
			sourceTree = "<group>";
		};
		C61FFCE82B62AECE0024E893 /* Nasassia */ = {
			isa = PBXGroup;
			children = (
				C61FFD0E2B62B61A0024E893 /* Delegates */,
				C69192E02B66C26E00EC4F02 /* Data */,
				C69192DC2B66C23800EC4F02 /* UI */,
				C69192DD2B66C24600EC4F02 /* Cell */,
				C69192DE2B66C25800EC4F02 /* ViewController */,
				C69192E32B66C28F00EC4F02 /* Animation */,
				C61FFCED2B62AECE0024E893 /* ViewController.swift */,
				C61FFCEF2B62AECE0024E893 /* Main.storyboard */,
				C61FFCF22B62AED00024E893 /* Assets.xcassets */,
				C61FFCF42B62AED00024E893 /* LaunchScreen.storyboard */,
				C61FFCF72B62AED00024E893 /* Info.plist */,
			);
			path = Nasassia;
			sourceTree = "<group>";
		};
		C61FFD0E2B62B61A0024E893 /* Delegates */ = {
			isa = PBXGroup;
			children = (
				C61FFCE92B62AECE0024E893 /* AppDelegate.swift */,
				C61FFCEB2B62AECE0024E893 /* SceneDelegate.swift */,
			);
			path = Delegates;
			sourceTree = "<group>";
		};
		C648BDA42B67E7D700E1569E /* Service */ = {
			isa = PBXGroup;
			children = (
				C648BDA52B67E7FC00E1569E /* PhotoService.swift */,
			);
			path = Service;
			sourceTree = "<group>";
		};
		C648BDA72B67E88300E1569E /* Client */ = {
			isa = PBXGroup;
			children = (
				C648BDA82B67E89400E1569E /* RestClient.swift */,
			);
			path = Client;
			sourceTree = "<group>";
		};
		C648BDAA2B67E8D800E1569E /* Model */ = {
			isa = PBXGroup;
			children = (
				C69A78F52B640A67002DB95C /* PhotoModel.swift */,
			);
			path = Model;
			sourceTree = "<group>";
		};
		C648BDAE2B67ED5100E1569E /* DataHandler */ = {
			isa = PBXGroup;
			children = (
				C648BDAF2B67ED7300E1569E /* PhotoDataHandler.swift */,
			);
			path = DataHandler;
			sourceTree = "<group>";
		};
		C69192DC2B66C23800EC4F02 /* UI */ = {
			isa = PBXGroup;
			children = (
				C648BDAE2B67ED5100E1569E /* DataHandler */,
			);
			path = UI;
			sourceTree = "<group>";
		};
		C69192DD2B66C24600EC4F02 /* Cell */ = {
			isa = PBXGroup;
			children = (
				C648BD9E2B67E32400E1569E /* RoverPhotoCell.swift */,
				C648BDA02B67E4D600E1569E /* RoverPhotoCellFlowLayout.swift */,
			);
			path = Cell;
			sourceTree = "<group>";
		};
		C69192DE2B66C25800EC4F02 /* ViewController */ = {
			isa = PBXGroup;
			children = (
				C69A78F82B656340002DB95C /* PhotoViewController.swift */,
				C69A78FA2B656364002DB95C /* TabbarViewController.swift */,
				C648BDB12B67EDB800E1569E /* PhotoDetailViewContoller.swift */,
			);
			path = ViewController;
			sourceTree = "<group>";
		};
		C69192E02B66C26E00EC4F02 /* Data */ = {
			isa = PBXGroup;
			children = (
				C69192E12B66C27A00EC4F02 /* API */,
				C648BDAA2B67E8D800E1569E /* Model */,
			);
			path = Data;
			sourceTree = "<group>";
		};
		C69192E12B66C27A00EC4F02 /* API */ = {
			isa = PBXGroup;
			children = (
				C648BDA22B67E5CB00E1569E /* Routes.swift */,
				C648BDA42B67E7D700E1569E /* Service */,
				C648BDA72B67E88300E1569E /* Client */,
			);
			path = API;
			sourceTree = "<group>";
		};
		C69192E32B66C28F00EC4F02 /* Animation */ = {
			isa = PBXGroup;
			children = (
				C61FFD002B62B0590024E893 /* AnimationHelper.swift */,
				C61FFD022B62B0680024E893 /* rocket.json */,
			);
			path = Animation;
			sourceTree = "<group>";
		};
/* End PBXGroup section */

/* Begin PBXNativeTarget section */
		C61FFCE52B62AECE0024E893 /* Nasassia */ = {
			isa = PBXNativeTarget;
			buildConfigurationList = C61FFCFA2B62AED00024E893 /* Build configuration list for PBXNativeTarget "Nasassia" */;
			buildPhases = (
				C61FFCE22B62AECE0024E893 /* Sources */,
				C61FFCE32B62AECE0024E893 /* Frameworks */,
				C61FFCE42B62AECE0024E893 /* Resources */,
			);
			buildRules = (
			);
			dependencies = (
			);
			name = Nasassia;
			packageProductDependencies = (
				C61FFD062B62B0FD0024E893 /* Lottie */,
				C61FFD092B62B11B0024E893 /* Kingfisher */,
				C61FFD0C2B62B12C0024E893 /* Alamofire */,
			);
			productName = Nasassia;
			productReference = C61FFCE62B62AECE0024E893 /* Nasassia.app */;
			productType = "com.apple.product-type.application";
		};
/* End PBXNativeTarget section */

/* Begin PBXProject section */
		C61FFCDE2B62AECE0024E893 /* Project object */ = {
			isa = PBXProject;
			attributes = {
				BuildIndependentTargetsInParallel = 1;
				LastSwiftUpdateCheck = 1520;
				LastUpgradeCheck = 1520;
				TargetAttributes = {
					C61FFCE52B62AECE0024E893 = {
						CreatedOnToolsVersion = 15.2;
					};
				};
			};
			buildConfigurationList = C61FFCE12B62AECE0024E893 /* Build configuration list for PBXProject "Nasassia" */;
			compatibilityVersion = "Xcode 14.0";
			developmentRegion = en;
			hasScannedForEncodings = 0;
			knownRegions = (
				en,
				Base,
			);
			mainGroup = C61FFCDD2B62AECE0024E893;
			packageReferences = (
				C61FFD052B62B0FD0024E893 /* XCRemoteSwiftPackageReference "lottie-ios" */,
				C61FFD082B62B11B0024E893 /* XCRemoteSwiftPackageReference "Kingfisher" */,
				C61FFD0B2B62B12C0024E893 /* XCRemoteSwiftPackageReference "Alamofire" */,
			);
			productRefGroup = C61FFCE72B62AECE0024E893 /* Products */;
			projectDirPath = "";
			projectRoot = "";
			targets = (
				C61FFCE52B62AECE0024E893 /* Nasassia */,
			);
		};
/* End PBXProject section */

/* Begin PBXResourcesBuildPhase section */
		C61FFCE42B62AECE0024E893 /* Resources */ = {
			isa = PBXResourcesBuildPhase;
			buildActionMask = 2147483647;
			files = (
				C61FFCF62B62AED00024E893 /* LaunchScreen.storyboard in Resources */,
				C61FFCF32B62AED00024E893 /* Assets.xcassets in Resources */,
				C61FFCF12B62AECE0024E893 /* Main.storyboard in Resources */,
				C61FFD032B62B0680024E893 /* rocket.json in Resources */,
			);
			runOnlyForDeploymentPostprocessing = 0;
		};
/* End PBXResourcesBuildPhase section */

/* Begin PBXSourcesBuildPhase section */
		C61FFCE22B62AECE0024E893 /* Sources */ = {
			isa = PBXSourcesBuildPhase;
			buildActionMask = 2147483647;
			files = (
				C648BDA12B67E4D600E1569E /* RoverPhotoCellFlowLayout.swift in Sources */,
				C648BDA62B67E7FC00E1569E /* PhotoService.swift in Sources */,
				C61FFD012B62B0590024E893 /* AnimationHelper.swift in Sources */,
				C648BDB22B67EDB800E1569E /* PhotoDetailViewContoller.swift in Sources */,
				C61FFCEE2B62AECE0024E893 /* ViewController.swift in Sources */,
				C648BDA92B67E89400E1569E /* RestClient.swift in Sources */,
				C69A78FB2B656364002DB95C /* TabbarViewController.swift in Sources */,
				C61FFCEA2B62AECE0024E893 /* AppDelegate.swift in Sources */,
				C69A78F62B640A67002DB95C /* PhotoModel.swift in Sources */,
				C648BDB02B67ED7300E1569E /* PhotoDataHandler.swift in Sources */,
				C69A78F92B656340002DB95C /* PhotoViewController.swift in Sources */,
				C648BDA32B67E5CB00E1569E /* Routes.swift in Sources */,
				C61FFCEC2B62AECE0024E893 /* SceneDelegate.swift in Sources */,
				C648BD9F2B67E32400E1569E /* RoverPhotoCell.swift in Sources */,
			);
			runOnlyForDeploymentPostprocessing = 0;
		};
/* End PBXSourcesBuildPhase section */

/* Begin PBXVariantGroup section */
		C61FFCEF2B62AECE0024E893 /* Main.storyboard */ = {
			isa = PBXVariantGroup;
			children = (
				C61FFCF02B62AECE0024E893 /* Base */,
			);
			name = Main.storyboard;
			sourceTree = "<group>";
		};
		C61FFCF42B62AED00024E893 /* LaunchScreen.storyboard */ = {
			isa = PBXVariantGroup;
			children = (
				C61FFCF52B62AED00024E893 /* Base */,
			);
			name = LaunchScreen.storyboard;
			sourceTree = "<group>";
		};
/* End PBXVariantGroup section */

/* Begin XCBuildConfiguration section */
		C61FFCF82B62AED00024E893 /* Debug */ = {
			isa = XCBuildConfiguration;
			buildSettings = {
				ALWAYS_SEARCH_USER_PATHS = NO;
				ASSETCATALOG_COMPILER_GENERATE_SWIFT_ASSET_SYMBOL_EXTENSIONS = YES;
				CLANG_ANALYZER_NONNULL = YES;
				CLANG_ANALYZER_NUMBER_OBJECT_CONVERSION = YES_AGGRESSIVE;
				CLANG_CXX_LANGUAGE_STANDARD = "gnu++20";
				CLANG_ENABLE_MODULES = YES;
				CLANG_ENABLE_OBJC_ARC = YES;
				CLANG_ENABLE_OBJC_WEAK = YES;
				CLANG_WARN_BLOCK_CAPTURE_AUTORELEASING = YES;
				CLANG_WARN_BOOL_CONVERSION = YES;
				CLANG_WARN_COMMA = YES;
				CLANG_WARN_CONSTANT_CONVERSION = YES;
				CLANG_WARN_DEPRECATED_OBJC_IMPLEMENTATIONS = YES;
				CLANG_WARN_DIRECT_OBJC_ISA_USAGE = YES_ERROR;
				CLANG_WARN_DOCUMENTATION_COMMENTS = YES;
				CLANG_WARN_EMPTY_BODY = YES;
				CLANG_WARN_ENUM_CONVERSION = YES;
				CLANG_WARN_INFINITE_RECURSION = YES;
				CLANG_WARN_INT_CONVERSION = YES;
				CLANG_WARN_NON_LITERAL_NULL_CONVERSION = YES;
				CLANG_WARN_OBJC_IMPLICIT_RETAIN_SELF = YES;
				CLANG_WARN_OBJC_LITERAL_CONVERSION = YES;
				CLANG_WARN_OBJC_ROOT_CLASS = YES_ERROR;
				CLANG_WARN_QUOTED_INCLUDE_IN_FRAMEWORK_HEADER = YES;
				CLANG_WARN_RANGE_LOOP_ANALYSIS = YES;
				CLANG_WARN_STRICT_PROTOTYPES = YES;
				CLANG_WARN_SUSPICIOUS_MOVE = YES;
				CLANG_WARN_UNGUARDED_AVAILABILITY = YES_AGGRESSIVE;
				CLANG_WARN_UNREACHABLE_CODE = YES;
				CLANG_WARN__DUPLICATE_METHOD_MATCH = YES;
				COPY_PHASE_STRIP = NO;
				DEBUG_INFORMATION_FORMAT = dwarf;
				ENABLE_STRICT_OBJC_MSGSEND = YES;
				ENABLE_TESTABILITY = YES;
				ENABLE_USER_SCRIPT_SANDBOXING = YES;
				GCC_C_LANGUAGE_STANDARD = gnu17;
				GCC_DYNAMIC_NO_PIC = NO;
				GCC_NO_COMMON_BLOCKS = YES;
				GCC_OPTIMIZATION_LEVEL = 0;
				GCC_PREPROCESSOR_DEFINITIONS = (
					"DEBUG=1",
					"$(inherited)",
				);
				GCC_WARN_64_TO_32_BIT_CONVERSION = YES;
				GCC_WARN_ABOUT_RETURN_TYPE = YES_ERROR;
				GCC_WARN_UNDECLARED_SELECTOR = YES;
				GCC_WARN_UNINITIALIZED_AUTOS = YES_AGGRESSIVE;
				GCC_WARN_UNUSED_FUNCTION = YES;
				GCC_WARN_UNUSED_VARIABLE = YES;
				IPHONEOS_DEPLOYMENT_TARGET = 17.2;
				LOCALIZATION_PREFERS_STRING_CATALOGS = YES;
				MTL_ENABLE_DEBUG_INFO = INCLUDE_SOURCE;
				MTL_FAST_MATH = YES;
				ONLY_ACTIVE_ARCH = YES;
				SDKROOT = iphoneos;
				SWIFT_ACTIVE_COMPILATION_CONDITIONS = "DEBUG $(inherited)";
				SWIFT_OPTIMIZATION_LEVEL = "-Onone";
			};
			name = Debug;
		};
		C61FFCF92B62AED00024E893 /* Release */ = {
			isa = XCBuildConfiguration;
			buildSettings = {
				ALWAYS_SEARCH_USER_PATHS = NO;
				ASSETCATALOG_COMPILER_GENERATE_SWIFT_ASSET_SYMBOL_EXTENSIONS = YES;
				CLANG_ANALYZER_NONNULL = YES;
				CLANG_ANALYZER_NUMBER_OBJECT_CONVERSION = YES_AGGRESSIVE;
				CLANG_CXX_LANGUAGE_STANDARD = "gnu++20";
				CLANG_ENABLE_MODULES = YES;
				CLANG_ENABLE_OBJC_ARC = YES;
				CLANG_ENABLE_OBJC_WEAK = YES;
				CLANG_WARN_BLOCK_CAPTURE_AUTORELEASING = YES;
				CLANG_WARN_BOOL_CONVERSION = YES;
				CLANG_WARN_COMMA = YES;
				CLANG_WARN_CONSTANT_CONVERSION = YES;
				CLANG_WARN_DEPRECATED_OBJC_IMPLEMENTATIONS = YES;
				CLANG_WARN_DIRECT_OBJC_ISA_USAGE = YES_ERROR;
				CLANG_WARN_DOCUMENTATION_COMMENTS = YES;
				CLANG_WARN_EMPTY_BODY = YES;
				CLANG_WARN_ENUM_CONVERSION = YES;
				CLANG_WARN_INFINITE_RECURSION = YES;
				CLANG_WARN_INT_CONVERSION = YES;
				CLANG_WARN_NON_LITERAL_NULL_CONVERSION = YES;
				CLANG_WARN_OBJC_IMPLICIT_RETAIN_SELF = YES;
				CLANG_WARN_OBJC_LITERAL_CONVERSION = YES;
				CLANG_WARN_OBJC_ROOT_CLASS = YES_ERROR;
				CLANG_WARN_QUOTED_INCLUDE_IN_FRAMEWORK_HEADER = YES;
				CLANG_WARN_RANGE_LOOP_ANALYSIS = YES;
				CLANG_WARN_STRICT_PROTOTYPES = YES;
				CLANG_WARN_SUSPICIOUS_MOVE = YES;
				CLANG_WARN_UNGUARDED_AVAILABILITY = YES_AGGRESSIVE;
				CLANG_WARN_UNREACHABLE_CODE = YES;
				CLANG_WARN__DUPLICATE_METHOD_MATCH = YES;
				COPY_PHASE_STRIP = NO;
				DEBUG_INFORMATION_FORMAT = "dwarf-with-dsym";
				ENABLE_NS_ASSERTIONS = NO;
				ENABLE_STRICT_OBJC_MSGSEND = YES;
				ENABLE_USER_SCRIPT_SANDBOXING = YES;
				GCC_C_LANGUAGE_STANDARD = gnu17;
				GCC_NO_COMMON_BLOCKS = YES;
				GCC_WARN_64_TO_32_BIT_CONVERSION = YES;
				GCC_WARN_ABOUT_RETURN_TYPE = YES_ERROR;
				GCC_WARN_UNDECLARED_SELECTOR = YES;
				GCC_WARN_UNINITIALIZED_AUTOS = YES_AGGRESSIVE;
				GCC_WARN_UNUSED_FUNCTION = YES;
				GCC_WARN_UNUSED_VARIABLE = YES;
				IPHONEOS_DEPLOYMENT_TARGET = 17.2;
				LOCALIZATION_PREFERS_STRING_CATALOGS = YES;
				MTL_ENABLE_DEBUG_INFO = NO;
				MTL_FAST_MATH = YES;
				SDKROOT = iphoneos;
				SWIFT_COMPILATION_MODE = wholemodule;
				VALIDATE_PRODUCT = YES;
			};
			name = Release;
		};
		C61FFCFB2B62AED00024E893 /* Debug */ = {
			isa = XCBuildConfiguration;
			buildSettings = {
				ASSETCATALOG_COMPILER_APPICON_NAME = AppIcon;
				ASSETCATALOG_COMPILER_GLOBAL_ACCENT_COLOR_NAME = AccentColor;
				CODE_SIGN_STYLE = Automatic;
				CURRENT_PROJECT_VERSION = 1;
				DEVELOPMENT_TEAM = 6PS4DAX69J;
				GENERATE_INFOPLIST_FILE = YES;
				INFOPLIST_FILE = Nasassia/Info.plist;
				INFOPLIST_KEY_UIApplicationSupportsIndirectInputEvents = YES;
				INFOPLIST_KEY_UILaunchStoryboardName = LaunchScreen;
				INFOPLIST_KEY_UIMainStoryboardFile = Main;
				INFOPLIST_KEY_UISupportedInterfaceOrientations_iPad = "UIInterfaceOrientationPortrait UIInterfaceOrientationPortraitUpsideDown UIInterfaceOrientationLandscapeLeft UIInterfaceOrientationLandscapeRight";
				INFOPLIST_KEY_UISupportedInterfaceOrientations_iPhone = "UIInterfaceOrientationPortrait UIInterfaceOrientationLandscapeLeft UIInterfaceOrientationLandscapeRight";
				LD_RUNPATH_SEARCH_PATHS = (
					"$(inherited)",
					"@executable_path/Frameworks",
				);
				MARKETING_VERSION = 1.0;
				PRODUCT_BUNDLE_IDENTIFIER = onurBostan.Nasassia;
				PRODUCT_NAME = "$(TARGET_NAME)";
				SWIFT_EMIT_LOC_STRINGS = YES;
				SWIFT_VERSION = 5.0;
				TARGETED_DEVICE_FAMILY = "1,2";
			};
			name = Debug;
		};
		C61FFCFC2B62AED00024E893 /* Release */ = {
			isa = XCBuildConfiguration;
			buildSettings = {
				ASSETCATALOG_COMPILER_APPICON_NAME = AppIcon;
				ASSETCATALOG_COMPILER_GLOBAL_ACCENT_COLOR_NAME = AccentColor;
				CODE_SIGN_STYLE = Automatic;
				CURRENT_PROJECT_VERSION = 1;
				DEVELOPMENT_TEAM = 6PS4DAX69J;
				GENERATE_INFOPLIST_FILE = YES;
				INFOPLIST_FILE = Nasassia/Info.plist;
				INFOPLIST_KEY_UIApplicationSupportsIndirectInputEvents = YES;
				INFOPLIST_KEY_UILaunchStoryboardName = LaunchScreen;
				INFOPLIST_KEY_UIMainStoryboardFile = Main;
				INFOPLIST_KEY_UISupportedInterfaceOrientations_iPad = "UIInterfaceOrientationPortrait UIInterfaceOrientationPortraitUpsideDown UIInterfaceOrientationLandscapeLeft UIInterfaceOrientationLandscapeRight";
				INFOPLIST_KEY_UISupportedInterfaceOrientations_iPhone = "UIInterfaceOrientationPortrait UIInterfaceOrientationLandscapeLeft UIInterfaceOrientationLandscapeRight";
				LD_RUNPATH_SEARCH_PATHS = (
					"$(inherited)",
					"@executable_path/Frameworks",
				);
				MARKETING_VERSION = 1.0;
				PRODUCT_BUNDLE_IDENTIFIER = onurBostan.Nasassia;
				PRODUCT_NAME = "$(TARGET_NAME)";
				SWIFT_EMIT_LOC_STRINGS = YES;
				SWIFT_VERSION = 5.0;
				TARGETED_DEVICE_FAMILY = "1,2";
			};
			name = Release;
		};
/* End XCBuildConfiguration section */

/* Begin XCConfigurationList section */
		C61FFCE12B62AECE0024E893 /* Build configuration list for PBXProject "Nasassia" */ = {
			isa = XCConfigurationList;
			buildConfigurations = (
				C61FFCF82B62AED00024E893 /* Debug */,
				C61FFCF92B62AED00024E893 /* Release */,
			);
			defaultConfigurationIsVisible = 0;
			defaultConfigurationName = Release;
		};
		C61FFCFA2B62AED00024E893 /* Build configuration list for PBXNativeTarget "Nasassia" */ = {
			isa = XCConfigurationList;
			buildConfigurations = (
				C61FFCFB2B62AED00024E893 /* Debug */,
				C61FFCFC2B62AED00024E893 /* Release */,
			);
			defaultConfigurationIsVisible = 0;
			defaultConfigurationName = Release;
		};
/* End XCConfigurationList section */

/* Begin XCRemoteSwiftPackageReference section */
		C61FFD052B62B0FD0024E893 /* XCRemoteSwiftPackageReference "lottie-ios" */ = {
			isa = XCRemoteSwiftPackageReference;
			repositoryURL = "https://github.com/airbnb/lottie-ios";
			requirement = {
				kind = upToNextMajorVersion;
				minimumVersion = 4.4.0;
			};
		};
		C61FFD082B62B11B0024E893 /* XCRemoteSwiftPackageReference "Kingfisher" */ = {
			isa = XCRemoteSwiftPackageReference;
			repositoryURL = "https://github.com/onevcat/Kingfisher.git";
			requirement = {
				kind = upToNextMajorVersion;
				minimumVersion = 7.10.2;
			};
		};
		C61FFD0B2B62B12C0024E893 /* XCRemoteSwiftPackageReference "Alamofire" */ = {
			isa = XCRemoteSwiftPackageReference;
			repositoryURL = "https://github.com/Alamofire/Alamofire.git";
			requirement = {
				kind = upToNextMajorVersion;
				minimumVersion = 5.8.1;
			};
		};
/* End XCRemoteSwiftPackageReference section */

/* Begin XCSwiftPackageProductDependency section */
		C61FFD062B62B0FD0024E893 /* Lottie */ = {
			isa = XCSwiftPackageProductDependency;
			package = C61FFD052B62B0FD0024E893 /* XCRemoteSwiftPackageReference "lottie-ios" */;
			productName = Lottie;
		};
		C61FFD092B62B11B0024E893 /* Kingfisher */ = {
			isa = XCSwiftPackageProductDependency;
			package = C61FFD082B62B11B0024E893 /* XCRemoteSwiftPackageReference "Kingfisher" */;
			productName = Kingfisher;
		};
		C61FFD0C2B62B12C0024E893 /* Alamofire */ = {
			isa = XCSwiftPackageProductDependency;
			package = C61FFD0B2B62B12C0024E893 /* XCRemoteSwiftPackageReference "Alamofire" */;
			productName = Alamofire;
		};
/* End XCSwiftPackageProductDependency section */
	};
	rootObject = C61FFCDE2B62AECE0024E893 /* Project object */;
}
